{
    "_meta": {
        "hash": {
            "sha256": "c04b7229c3fa97164e7dbcfcfb19909704ec871f9676aab7b8493e1b2d954d11"
        },
        "pipfile-spec": 6,
        "requires": {
            "python_version": "3.10"
        },
        "sources": [
            {
                "name": "pypi",
                "url": "https://pypi.org/simple",
                "verify_ssl": true
            }
        ]
    },
    "default": {},
    "develop": {}
}
